// !$*UTF8*$!
{
	archiveVersion = 1;
	classes = {
	};
	objectVersion = 50;
	objects = {

/* Begin PBXBuildFile section */
		3E55B6EC26C59DB3005971C7 /* Follower.swift in Sources */ = {isa = PBXBuildFile; fileRef = 3E55B6EB26C59DB3005971C7 /* Follower.swift */; };
		3E55B6F026C59E35005971C7 /* User.swift in Sources */ = {isa = PBXBuildFile; fileRef = 3E55B6EF26C59E35005971C7 /* User.swift */; };
		3E55B6F726C5BF2E005971C7 /* NetworkManager.swift in Sources */ = {isa = PBXBuildFile; fileRef = 3E55B6F626C5BF2E005971C7 /* NetworkManager.swift */; };
		3E62522626C3A8BE004E4906 /* AppDelegate.swift in Sources */ = {isa = PBXBuildFile; fileRef = 3E62522526C3A8BE004E4906 /* AppDelegate.swift */; };
		3E62522826C3A8BE004E4906 /* SceneDelegate.swift in Sources */ = {isa = PBXBuildFile; fileRef = 3E62522726C3A8BE004E4906 /* SceneDelegate.swift */; };
		3E62522F26C3A8BF004E4906 /* Assets.xcassets in Resources */ = {isa = PBXBuildFile; fileRef = 3E62522E26C3A8BF004E4906 /* Assets.xcassets */; };
		3E62523226C3A8BF004E4906 /* LaunchScreen.storyboard in Resources */ = {isa = PBXBuildFile; fileRef = 3E62523026C3A8BF004E4906 /* LaunchScreen.storyboard */; };
		3E62523E26C3B361004E4906 /* SearchVC.swift in Sources */ = {isa = PBXBuildFile; fileRef = 3E62523D26C3B361004E4906 /* SearchVC.swift */; };
		3E62524126C3B3BD004E4906 /* FavoritesListVC.swift in Sources */ = {isa = PBXBuildFile; fileRef = 3E62524026C3B3BD004E4906 /* FavoritesListVC.swift */; };
		3E62524626C3C88C004E4906 /* GFButton.swift in Sources */ = {isa = PBXBuildFile; fileRef = 3E62524526C3C88C004E4906 /* GFButton.swift */; };
		3E62524B26C3CEFA004E4906 /* GFTextField.swift in Sources */ = {isa = PBXBuildFile; fileRef = 3E62524A26C3CEFA004E4906 /* GFTextField.swift */; };
		3E62524F26C3FD54004E4906 /* FollowerListVC.swift in Sources */ = {isa = PBXBuildFile; fileRef = 3E62524E26C3FD54004E4906 /* FollowerListVC.swift */; };
		3E62525326C448D7004E4906 /* GFAlertTitleView.swift in Sources */ = {isa = PBXBuildFile; fileRef = 3E62525226C448D7004E4906 /* GFAlertTitleView.swift */; };
		3E62525626C44C0A004E4906 /* GFAlertBodyLabel.swift in Sources */ = {isa = PBXBuildFile; fileRef = 3E62525526C44C0A004E4906 /* GFAlertBodyLabel.swift */; };
		3E62525B26C44D61004E4906 /* GFAlertVC.swift in Sources */ = {isa = PBXBuildFile; fileRef = 3E62525A26C44D61004E4906 /* GFAlertVC.swift */; };
		3E62525E26C45D65004E4906 /* UIViewController+Ext.swift in Sources */ = {isa = PBXBuildFile; fileRef = 3E62525D26C45D65004E4906 /* UIViewController+Ext.swift */; };
/* End PBXBuildFile section */

/* Begin PBXFileReference section */
		3E55B6EB26C59DB3005971C7 /* Follower.swift */ = {isa = PBXFileReference; lastKnownFileType = sourcecode.swift; path = Follower.swift; sourceTree = "<group>"; };
		3E55B6EF26C59E35005971C7 /* User.swift */ = {isa = PBXFileReference; lastKnownFileType = sourcecode.swift; path = User.swift; sourceTree = "<group>"; };
		3E55B6F626C5BF2E005971C7 /* NetworkManager.swift */ = {isa = PBXFileReference; lastKnownFileType = sourcecode.swift; path = NetworkManager.swift; sourceTree = "<group>"; };
		3E62522226C3A8BE004E4906 /* GitHubFollowersApp.app */ = {isa = PBXFileReference; explicitFileType = wrapper.application; includeInIndex = 0; path = GitHubFollowersApp.app; sourceTree = BUILT_PRODUCTS_DIR; };
		3E62522526C3A8BE004E4906 /* AppDelegate.swift */ = {isa = PBXFileReference; lastKnownFileType = sourcecode.swift; path = AppDelegate.swift; sourceTree = "<group>"; };
		3E62522726C3A8BE004E4906 /* SceneDelegate.swift */ = {isa = PBXFileReference; lastKnownFileType = sourcecode.swift; path = SceneDelegate.swift; sourceTree = "<group>"; };
		3E62522E26C3A8BF004E4906 /* Assets.xcassets */ = {isa = PBXFileReference; lastKnownFileType = folder.assetcatalog; path = Assets.xcassets; sourceTree = "<group>"; };
		3E62523126C3A8BF004E4906 /* Base */ = {isa = PBXFileReference; lastKnownFileType = file.storyboard; name = Base; path = Base.lproj/LaunchScreen.storyboard; sourceTree = "<group>"; };
		3E62523326C3A8BF004E4906 /* Info.plist */ = {isa = PBXFileReference; lastKnownFileType = text.plist.xml; path = Info.plist; sourceTree = "<group>"; };
		3E62523D26C3B361004E4906 /* SearchVC.swift */ = {isa = PBXFileReference; lastKnownFileType = sourcecode.swift; path = SearchVC.swift; sourceTree = "<group>"; };
		3E62524026C3B3BD004E4906 /* FavoritesListVC.swift */ = {isa = PBXFileReference; lastKnownFileType = sourcecode.swift; path = FavoritesListVC.swift; sourceTree = "<group>"; };
		3E62524526C3C88C004E4906 /* GFButton.swift */ = {isa = PBXFileReference; lastKnownFileType = sourcecode.swift; path = GFButton.swift; sourceTree = "<group>"; };
		3E62524A26C3CEFA004E4906 /* GFTextField.swift */ = {isa = PBXFileReference; lastKnownFileType = sourcecode.swift; path = GFTextField.swift; sourceTree = "<group>"; };
		3E62524E26C3FD54004E4906 /* FollowerListVC.swift */ = {isa = PBXFileReference; lastKnownFileType = sourcecode.swift; path = FollowerListVC.swift; sourceTree = "<group>"; };
		3E62525226C448D7004E4906 /* GFAlertTitleView.swift */ = {isa = PBXFileReference; lastKnownFileType = sourcecode.swift; path = GFAlertTitleView.swift; sourceTree = "<group>"; };
		3E62525526C44C0A004E4906 /* GFAlertBodyLabel.swift */ = {isa = PBXFileReference; lastKnownFileType = sourcecode.swift; path = GFAlertBodyLabel.swift; sourceTree = "<group>"; };
		3E62525A26C44D61004E4906 /* GFAlertVC.swift */ = {isa = PBXFileReference; lastKnownFileType = sourcecode.swift; path = GFAlertVC.swift; sourceTree = "<group>"; };
		3E62525D26C45D65004E4906 /* UIViewController+Ext.swift */ = {isa = PBXFileReference; lastKnownFileType = sourcecode.swift; path = "UIViewController+Ext.swift"; sourceTree = "<group>"; };
/* End PBXFileReference section */

/* Begin PBXFrameworksBuildPhase section */
		3E62521F26C3A8BD004E4906 /* Frameworks */ = {
			isa = PBXFrameworksBuildPhase;
			buildActionMask = 2147483647;
			files = (
			);
			runOnlyForDeploymentPostprocessing = 0;
		};
/* End PBXFrameworksBuildPhase section */

/* Begin PBXGroup section */
		3E55B6E626C59554005971C7 /* Custom Views */ = {
			isa = PBXGroup;
			children = (
				3E62525A26C44D61004E4906 /* GFAlertVC.swift */,
				3E62524526C3C88C004E4906 /* GFButton.swift */,
				3E62524A26C3CEFA004E4906 /* GFTextField.swift */,
				3E62525226C448D7004E4906 /* GFAlertTitleView.swift */,
				3E62525526C44C0A004E4906 /* GFAlertBodyLabel.swift */,
			);
			path = "Custom Views";
			sourceTree = "<group>";
		};
		3E55B6E726C59585005971C7 /* Screens */ = {
			isa = PBXGroup;
			children = (
				3E62523D26C3B361004E4906 /* SearchVC.swift */,
				3E62524E26C3FD54004E4906 /* FollowerListVC.swift */,
				3E62524026C3B3BD004E4906 /* FavoritesListVC.swift */,
			);
			path = Screens;
			sourceTree = "<group>";
		};
		3E55B6E826C595AF005971C7 /* Support */ = {
			isa = PBXGroup;
			children = (
				3E62522526C3A8BE004E4906 /* AppDelegate.swift */,
				3E62522726C3A8BE004E4906 /* SceneDelegate.swift */,
				3E62523026C3A8BF004E4906 /* LaunchScreen.storyboard */,
				3E62522E26C3A8BF004E4906 /* Assets.xcassets */,
			);
			path = Support;
			sourceTree = "<group>";
		};
		3E55B6E926C595F2005971C7 /* Extensions */ = {
			isa = PBXGroup;
			children = (
				3E62525D26C45D65004E4906 /* UIViewController+Ext.swift */,
			);
			path = Extensions;
			sourceTree = "<group>";
		};
		3E55B6EA26C59D7F005971C7 /* Model */ = {
			isa = PBXGroup;
			children = (
				3E55B6EB26C59DB3005971C7 /* Follower.swift */,
				3E55B6EF26C59E35005971C7 /* User.swift */,
			);
			path = Model;
			sourceTree = "<group>";
		};
		3E55B6F526C5BEFE005971C7 /* Managers */ = {
			isa = PBXGroup;
			children = (
				3E55B6F626C5BF2E005971C7 /* NetworkManager.swift */,
			);
			path = Managers;
			sourceTree = "<group>";
		};
		3E62521926C3A8BD004E4906 = {
			isa = PBXGroup;
			children = (
				3E62522426C3A8BE004E4906 /* GitHubFollowersApp */,
				3E62522326C3A8BE004E4906 /* Products */,
			);
			sourceTree = "<group>";
		};
		3E62522326C3A8BE004E4906 /* Products */ = {
			isa = PBXGroup;
			children = (
				3E62522226C3A8BE004E4906 /* GitHubFollowersApp.app */,
			);
			name = Products;
			sourceTree = "<group>";
		};
		3E62522426C3A8BE004E4906 /* GitHubFollowersApp */ = {
			isa = PBXGroup;
			children = (
				3E55B6F526C5BEFE005971C7 /* Managers */,
				3E55B6EA26C59D7F005971C7 /* Model */,
				3E55B6E726C59585005971C7 /* Screens */,
				3E55B6E626C59554005971C7 /* Custom Views */,
				3E55B6E926C595F2005971C7 /* Extensions */,
				3E55B6E826C595AF005971C7 /* Support */,
				3E62523326C3A8BF004E4906 /* Info.plist */,
			);
			path = GitHubFollowersApp;
			sourceTree = "<group>";
		};
/* End PBXGroup section */

/* Begin PBXNativeTarget section */
		3E62522126C3A8BD004E4906 /* GitHubFollowersApp */ = {
			isa = PBXNativeTarget;
			buildConfigurationList = 3E62523626C3A8BF004E4906 /* Build configuration list for PBXNativeTarget "GitHubFollowersApp" */;
			buildPhases = (
				3E62521E26C3A8BD004E4906 /* Sources */,
				3E62521F26C3A8BD004E4906 /* Frameworks */,
				3E62522026C3A8BD004E4906 /* Resources */,
			);
			buildRules = (
			);
			dependencies = (
			);
			name = GitHubFollowersApp;
			productName = GitHubFollowersApp;
			productReference = 3E62522226C3A8BE004E4906 /* GitHubFollowersApp.app */;
			productType = "com.apple.product-type.application";
		};
/* End PBXNativeTarget section */

/* Begin PBXProject section */
		3E62521A26C3A8BD004E4906 /* Project object */ = {
			isa = PBXProject;
			attributes = {
				LastSwiftUpdateCheck = 1240;
				LastUpgradeCheck = 1240;
				TargetAttributes = {
					3E62522126C3A8BD004E4906 = {
						CreatedOnToolsVersion = 12.4;
					};
				};
			};
			buildConfigurationList = 3E62521D26C3A8BD004E4906 /* Build configuration list for PBXProject "GitHubFollowersApp" */;
			compatibilityVersion = "Xcode 9.3";
			developmentRegion = en;
			hasScannedForEncodings = 0;
			knownRegions = (
				en,
				Base,
			);
			mainGroup = 3E62521926C3A8BD004E4906;
			productRefGroup = 3E62522326C3A8BE004E4906 /* Products */;
			projectDirPath = "";
			projectRoot = "";
			targets = (
				3E62522126C3A8BD004E4906 /* GitHubFollowersApp */,
			);
		};
/* End PBXProject section */

/* Begin PBXResourcesBuildPhase section */
		3E62522026C3A8BD004E4906 /* Resources */ = {
			isa = PBXResourcesBuildPhase;
			buildActionMask = 2147483647;
			files = (
				3E62523226C3A8BF004E4906 /* LaunchScreen.storyboard in Resources */,
				3E62522F26C3A8BF004E4906 /* Assets.xcassets in Resources */,
			);
			runOnlyForDeploymentPostprocessing = 0;
		};
/* End PBXResourcesBuildPhase section */

/* Begin PBXSourcesBuildPhase section */
		3E62521E26C3A8BD004E4906 /* Sources */ = {
			isa = PBXSourcesBuildPhase;
			buildActionMask = 2147483647;
			files = (
				3E55B6F026C59E35005971C7 /* User.swift in Sources */,
				3E62524B26C3CEFA004E4906 /* GFTextField.swift in Sources */,
				3E62524126C3B3BD004E4906 /* FavoritesListVC.swift in Sources */,
				3E62525626C44C0A004E4906 /* GFAlertBodyLabel.swift in Sources */,
				3E62525E26C45D65004E4906 /* UIViewController+Ext.swift in Sources */,
				3E62524626C3C88C004E4906 /* GFButton.swift in Sources */,
				3E62525B26C44D61004E4906 /* GFAlertVC.swift in Sources */,
				3E62525326C448D7004E4906 /* GFAlertTitleView.swift in Sources */,
				3E55B6EC26C59DB3005971C7 /* Follower.swift in Sources */,
				3E62523E26C3B361004E4906 /* SearchVC.swift in Sources */,
				3E55B6F726C5BF2E005971C7 /* NetworkManager.swift in Sources */,
				3E62524F26C3FD54004E4906 /* FollowerListVC.swift in Sources */,
				3E62522626C3A8BE004E4906 /* AppDelegate.swift in Sources */,
				3E62522826C3A8BE004E4906 /* SceneDelegate.swift in Sources */,
			);
			runOnlyForDeploymentPostprocessing = 0;
		};
/* End PBXSourcesBuildPhase section */

/* Begin PBXVariantGroup section */
		3E62523026C3A8BF004E4906 /* LaunchScreen.storyboard */ = {
			isa = PBXVariantGroup;
			children = (
				3E62523126C3A8BF004E4906 /* Base */,
			);
			name = LaunchScreen.storyboard;
			sourceTree = "<group>";
		};
/* End PBXVariantGroup section */

/* Begin XCBuildConfiguration section */
		3E62523426C3A8BF004E4906 /* Debug */ = {
			isa = XCBuildConfiguration;
			buildSettings = {
				ALWAYS_SEARCH_USER_PATHS = NO;
				CLANG_ANALYZER_NONNULL = YES;
				CLANG_ANALYZER_NUMBER_OBJECT_CONVERSION = YES_AGGRESSIVE;
				CLANG_CXX_LANGUAGE_STANDARD = "gnu++14";
				CLANG_CXX_LIBRARY = "libc++";
				CLANG_ENABLE_MODULES = YES;
				CLANG_ENABLE_OBJC_ARC = YES;
				CLANG_ENABLE_OBJC_WEAK = YES;
				CLANG_WARN_BLOCK_CAPTURE_AUTORELEASING = YES;
				CLANG_WARN_BOOL_CONVERSION = YES;
				CLANG_WARN_COMMA = YES;
				CLANG_WARN_CONSTANT_CONVERSION = YES;
				CLANG_WARN_DEPRECATED_OBJC_IMPLEMENTATIONS = YES;
				CLANG_WARN_DIRECT_OBJC_ISA_USAGE = YES_ERROR;
				CLANG_WARN_DOCUMENTATION_COMMENTS = YES;
				CLANG_WARN_EMPTY_BODY = YES;
				CLANG_WARN_ENUM_CONVERSION = YES;
				CLANG_WARN_INFINITE_RECURSION = YES;
				CLANG_WARN_INT_CONVERSION = YES;
				CLANG_WARN_NON_LITERAL_NULL_CONVERSION = YES;
				CLANG_WARN_OBJC_IMPLICIT_RETAIN_SELF = YES;
				CLANG_WARN_OBJC_LITERAL_CONVERSION = YES;
				CLANG_WARN_OBJC_ROOT_CLASS = YES_ERROR;
				CLANG_WARN_QUOTED_INCLUDE_IN_FRAMEWORK_HEADER = YES;
				CLANG_WARN_RANGE_LOOP_ANALYSIS = YES;
				CLANG_WARN_STRICT_PROTOTYPES = YES;
				CLANG_WARN_SUSPICIOUS_MOVE = YES;
				CLANG_WARN_UNGUARDED_AVAILABILITY = YES_AGGRESSIVE;
				CLANG_WARN_UNREACHABLE_CODE = YES;
				CLANG_WARN__DUPLICATE_METHOD_MATCH = YES;
				COPY_PHASE_STRIP = NO;
				DEBUG_INFORMATION_FORMAT = dwarf;
				ENABLE_STRICT_OBJC_MSGSEND = YES;
				ENABLE_TESTABILITY = YES;
				GCC_C_LANGUAGE_STANDARD = gnu11;
				GCC_DYNAMIC_NO_PIC = NO;
				GCC_NO_COMMON_BLOCKS = YES;
				GCC_OPTIMIZATION_LEVEL = 0;
				GCC_PREPROCESSOR_DEFINITIONS = (
					"DEBUG=1",
					"$(inherited)",
				);
				GCC_WARN_64_TO_32_BIT_CONVERSION = YES;
				GCC_WARN_ABOUT_RETURN_TYPE = YES_ERROR;
				GCC_WARN_UNDECLARED_SELECTOR = YES;
				GCC_WARN_UNINITIALIZED_AUTOS = YES_AGGRESSIVE;
				GCC_WARN_UNUSED_FUNCTION = YES;
				GCC_WARN_UNUSED_VARIABLE = YES;
				IPHONEOS_DEPLOYMENT_TARGET = 14.4;
				MTL_ENABLE_DEBUG_INFO = INCLUDE_SOURCE;
				MTL_FAST_MATH = YES;
				ONLY_ACTIVE_ARCH = YES;
				SDKROOT = iphoneos;
				SWIFT_ACTIVE_COMPILATION_CONDITIONS = DEBUG;
				SWIFT_OPTIMIZATION_LEVEL = "-Onone";
			};
			name = Debug;
		};
		3E62523526C3A8BF004E4906 /* Release */ = {
			isa = XCBuildConfiguration;
			buildSettings = {
				ALWAYS_SEARCH_USER_PATHS = NO;
				CLANG_ANALYZER_NONNULL = YES;
				CLANG_ANALYZER_NUMBER_OBJECT_CONVERSION = YES_AGGRESSIVE;
				CLANG_CXX_LANGUAGE_STANDARD = "gnu++14";
				CLANG_CXX_LIBRARY = "libc++";
				CLANG_ENABLE_MODULES = YES;
				CLANG_ENABLE_OBJC_ARC = YES;
				CLANG_ENABLE_OBJC_WEAK = YES;
				CLANG_WARN_BLOCK_CAPTURE_AUTORELEASING = YES;
				CLANG_WARN_BOOL_CONVERSION = YES;
				CLANG_WARN_COMMA = YES;
				CLANG_WARN_CONSTANT_CONVERSION = YES;
				CLANG_WARN_DEPRECATED_OBJC_IMPLEMENTATIONS = YES;
				CLANG_WARN_DIRECT_OBJC_ISA_USAGE = YES_ERROR;
				CLANG_WARN_DOCUMENTATION_COMMENTS = YES;
				CLANG_WARN_EMPTY_BODY = YES;
				CLANG_WARN_ENUM_CONVERSION = YES;
				CLANG_WARN_INFINITE_RECURSION = YES;
				CLANG_WARN_INT_CONVERSION = YES;
				CLANG_WARN_NON_LITERAL_NULL_CONVERSION = YES;
				CLANG_WARN_OBJC_IMPLICIT_RETAIN_SELF = YES;
				CLANG_WARN_OBJC_LITERAL_CONVERSION = YES;
				CLANG_WARN_OBJC_ROOT_CLASS = YES_ERROR;
				CLANG_WARN_QUOTED_INCLUDE_IN_FRAMEWORK_HEADER = YES;
				CLANG_WARN_RANGE_LOOP_ANALYSIS = YES;
				CLANG_WARN_STRICT_PROTOTYPES = YES;
				CLANG_WARN_SUSPICIOUS_MOVE = YES;
				CLANG_WARN_UNGUARDED_AVAILABILITY = YES_AGGRESSIVE;
				CLANG_WARN_UNREACHABLE_CODE = YES;
				CLANG_WARN__DUPLICATE_METHOD_MATCH = YES;
				COPY_PHASE_STRIP = NO;
				DEBUG_INFORMATION_FORMAT = "dwarf-with-dsym";
				ENABLE_NS_ASSERTIONS = NO;
				ENABLE_STRICT_OBJC_MSGSEND = YES;
				GCC_C_LANGUAGE_STANDARD = gnu11;
				GCC_NO_COMMON_BLOCKS = YES;
				GCC_WARN_64_TO_32_BIT_CONVERSION = YES;
				GCC_WARN_ABOUT_RETURN_TYPE = YES_ERROR;
				GCC_WARN_UNDECLARED_SELECTOR = YES;
				GCC_WARN_UNINITIALIZED_AUTOS = YES_AGGRESSIVE;
				GCC_WARN_UNUSED_FUNCTION = YES;
				GCC_WARN_UNUSED_VARIABLE = YES;
				IPHONEOS_DEPLOYMENT_TARGET = 14.4;
				MTL_ENABLE_DEBUG_INFO = NO;
				MTL_FAST_MATH = YES;
				SDKROOT = iphoneos;
				SWIFT_COMPILATION_MODE = wholemodule;
				SWIFT_OPTIMIZATION_LEVEL = "-O";
				VALIDATE_PRODUCT = YES;
			};
			name = Release;
		};
		3E62523726C3A8BF004E4906 /* Debug */ = {
			isa = XCBuildConfiguration;
			buildSettings = {
				ASSETCATALOG_COMPILER_APPICON_NAME = AppIcon;
				ASSETCATALOG_COMPILER_GLOBAL_ACCENT_COLOR_NAME = AccentColor;
				CODE_SIGN_STYLE = Automatic;
				INFOPLIST_FILE = GitHubFollowersApp/Info.plist;
				LD_RUNPATH_SEARCH_PATHS = (
					"$(inherited)",
					"@executable_path/Frameworks",
				);
				PRODUCT_BUNDLE_IDENTIFIER = com.repladev.GitHubFollowersApp;
				PRODUCT_NAME = "$(TARGET_NAME)";
				SWIFT_VERSION = 5.0;
				TARGETED_DEVICE_FAMILY = 1;
			};
			name = Debug;
		};
		3E62523826C3A8BF004E4906 /* Release */ = {
			isa = XCBuildConfiguration;
			buildSettings = {
				ASSETCATALOG_COMPILER_APPICON_NAME = AppIcon;
				ASSETCATALOG_COMPILER_GLOBAL_ACCENT_COLOR_NAME = AccentColor;
				CODE_SIGN_STYLE = Automatic;
				INFOPLIST_FILE = GitHubFollowersApp/Info.plist;
				LD_RUNPATH_SEARCH_PATHS = (
					"$(inherited)",
					"@executable_path/Frameworks",
				);
				PRODUCT_BUNDLE_IDENTIFIER = com.repladev.GitHubFollowersApp;
				PRODUCT_NAME = "$(TARGET_NAME)";
				SWIFT_VERSION = 5.0;
				TARGETED_DEVICE_FAMILY = 1;
			};
			name = Release;
		};
/* End XCBuildConfiguration section */

/* Begin XCConfigurationList section */
		3E62521D26C3A8BD004E4906 /* Build configuration list for PBXProject "GitHubFollowersApp" */ = {
			isa = XCConfigurationList;
			buildConfigurations = (
				3E62523426C3A8BF004E4906 /* Debug */,
				3E62523526C3A8BF004E4906 /* Release */,
			);
			defaultConfigurationIsVisible = 0;
			defaultConfigurationName = Release;
		};
		3E62523626C3A8BF004E4906 /* Build configuration list for PBXNativeTarget "GitHubFollowersApp" */ = {
			isa = XCConfigurationList;
			buildConfigurations = (
				3E62523726C3A8BF004E4906 /* Debug */,
				3E62523826C3A8BF004E4906 /* Release */,
			);
			defaultConfigurationIsVisible = 0;
			defaultConfigurationName = Release;
		};
/* End XCConfigurationList section */
	};
	rootObject = 3E62521A26C3A8BD004E4906 /* Project object */;
}
